<?xml version="1.0" encoding="utf-8"?>
<Project ToolsVersion="16.0" xmlns="http://schemas.microsoft.com/developer/msbuild/2003">
  <ItemGroup>
    <ClCompile Include="C:\FlowSource\code\FlowLab\RayFlow\ext\glog\src\demangle_unittest.cc">
      <Filter>Source Files</Filter>
    </ClCompile>
  </ItemGroup>
  <ItemGroup>
    <CustomBuild Include="C:\FlowSource\code\FlowLab\RayFlow\ext\glog\CMakeLists.txt" />
  </ItemGroup>
  <ItemGroup>
    <Filter Include="Source Files">
      <UniqueIdentifier>{29C8B3DE-1E37-3960-82DF-108E5110EECB}</UniqueIdentifier>
    </Filter>
  </ItemGroup>
</Project>
